
Microsoft Visual Studio Solution File, Format Version 12.00
# Visual Studio Version 16
VisualStudioVersion = 16.0.30621.155
MinimumVisualStudioVersion = 10.0.40219.1
Project("{9A19103F-16F7-4668-BE54-9A1E7A4F7556}") = "WebApi", "WebApi.csproj", "{D9A74273-4A94-4C6E-9175-AC86904DD56C}"
EndProject
Global
	GlobalSection(SolutionConfigurationPlatforms) = preSolution
		Debug|Any CPU = Debug|Any CPU
		Release|Any CPU = Release|Any CPU
	EndGlobalSection
	GlobalSection(ProjectConfigurationPlatforms) = postSolution
		{D9A74273-4A94-4C6E-9175-AC86904DD56C}.Debug|Any CPU.ActiveCfg = Debug|Any CPU
		{D9A74273-4A94-4C6E-9175-AC86904DD56C}.Debug|Any CPU.Build.0 = Debug|Any CPU
		{D9A74273-4A94-4C6E-9175-AC86904DD56C}.Release|Any CPU.ActiveCfg = Release|Any CPU
		{D9A74273-4A94-4C6E-9175-AC86904DD56C}.Release|Any CPU.Build.0 = Release|Any CPU
	EndGlobalSection
	GlobalSection(SolutionProperties) = preSolution
		HideSolutionNode = FALSE
	EndGlobalSection
	GlobalSection(ExtensibilityGlobals) = postSolution
		SolutionGuid = {2686CA48-FCFA-480A-BA6B-50FA431A09BF}
	EndGlobalSection
EndGlobal
